
Microsoft Visual Studio Solution File, Format Version 12.00
# Visual Studio Version 16
VisualStudioVersion = 16.0.31515.178
MinimumVisualStudioVersion = 10.0.40219.1
Project("{9A19103F-16F7-4668-BE54-9A1E7A4F7556}") = "TaskbarTool", "TaskbarTool\TaskbarTool.csproj", "{CF5C3CC9-FC8B-4447-971C-B95E264BC97E}"
EndProject
Global
	GlobalSection(SolutionConfigurationPlatforms) = preSolution
		Debug|Any CPU = Debug|Any CPU
		Debug|x64 = Debug|x64
		Deployment|Any CPU = Deployment|Any CPU
		Deployment|x64 = Deployment|x64
		Release|Any CPU = Release|Any CPU
		Release|x64 = Release|x64
		Test|Any CPU = Test|Any CPU
		Test|x64 = Test|x64
	EndGlobalSection
	GlobalSection(ProjectConfigurationPlatforms) = postSolution
		{CF5C3CC9-FC8B-4447-971C-B95E264BC97E}.Debug|Any CPU.ActiveCfg = Release|Any CPU
		{CF5C3CC9-FC8B-4447-971C-B95E264BC97E}.Debug|Any CPU.Build.0 = Release|Any CPU
		{CF5C3CC9-FC8B-4447-971C-B95E264BC97E}.Debug|x64.ActiveCfg = Debug|x64
		{CF5C3CC9-FC8B-4447-971C-B95E264BC97E}.Debug|x64.Build.0 = Debug|x64
		{CF5C3CC9-FC8B-4447-971C-B95E264BC97E}.Deployment|Any CPU.ActiveCfg = Deployment|Any CPU
		{CF5C3CC9-FC8B-4447-971C-B95E264BC97E}.Deployment|Any CPU.Build.0 = Deployment|Any CPU
		{CF5C3CC9-FC8B-4447-971C-B95E264BC97E}.Deployment|x64.ActiveCfg = Release|x64
		{CF5C3CC9-FC8B-4447-971C-B95E264BC97E}.Deployment|x64.Build.0 = Release|x64
		{CF5C3CC9-FC8B-4447-971C-B95E264BC97E}.Release|Any CPU.ActiveCfg = Release|Any CPU
		{CF5C3CC9-FC8B-4447-971C-B95E264BC97E}.Release|Any CPU.Build.0 = Release|Any CPU
		{CF5C3CC9-FC8B-4447-971C-B95E264BC97E}.Release|x64.ActiveCfg = Release|x64
		{CF5C3CC9-FC8B-4447-971C-B95E264BC97E}.Release|x64.Build.0 = Release|x64
		{CF5C3CC9-FC8B-4447-971C-B95E264BC97E}.Test|Any CPU.ActiveCfg = Test|Any CPU
		{CF5C3CC9-FC8B-4447-971C-B95E264BC97E}.Test|Any CPU.Build.0 = Test|Any CPU
		{CF5C3CC9-FC8B-4447-971C-B95E264BC97E}.Test|x64.ActiveCfg = Test|x64
		{CF5C3CC9-FC8B-4447-971C-B95E264BC97E}.Test|x64.Build.0 = Test|x64
	EndGlobalSection
	GlobalSection(SolutionProperties) = preSolution
		HideSolutionNode = FALSE
	EndGlobalSection
	GlobalSection(ExtensibilityGlobals) = postSolution
		SolutionGuid = {B931A450-7B80-43B8-A332-7F0A8CB54177}
	EndGlobalSection
EndGlobal
